// !$*UTF8*$!
{
	archiveVersion = 1;
	classes = {
	};
	objectVersion = 46;
	objects = {

/* Begin PBXBuildFile section */
		582521EA1E1F875B000F5D51 /* main.m in Sources */ = {isa = PBXBuildFile; fileRef = 582521E91E1F875B000F5D51 /* main.m */; };
		582521ED1E1F875B000F5D51 /* AppDelegate.m in Sources */ = {isa = PBXBuildFile; fileRef = 582521EC1E1F875B000F5D51 /* AppDelegate.m */; };
		582521F31E1F875B000F5D51 /* Main.storyboard in Resources */ = {isa = PBXBuildFile; fileRef = 582521F11E1F875B000F5D51 /* Main.storyboard */; };
		582521F51E1F875B000F5D51 /* Assets.xcassets in Resources */ = {isa = PBXBuildFile; fileRef = 582521F41E1F875B000F5D51 /* Assets.xcassets */; };
		582521F81E1F875B000F5D51 /* LaunchScreen.storyboard in Resources */ = {isa = PBXBuildFile; fileRef = 582521F61E1F875B000F5D51 /* LaunchScreen.storyboard */; };
		58B4A8991E26190E00121B04 /* libGDTMobSDK.a in Frameworks */ = {isa = PBXBuildFile; fileRef = 58B4A8981E26190E00121B04 /* libGDTMobSDK.a */; };
		58B4A8A01E26195600121B04 /* AdSupport.framework in Frameworks */ = {isa = PBXBuildFile; fileRef = 58B4A89F1E26195600121B04 /* AdSupport.framework */; };
		58B4A8A21E26195F00121B04 /* CoreLocation.framework in Frameworks */ = {isa = PBXBuildFile; fileRef = 58B4A8A11E26195F00121B04 /* CoreLocation.framework */; };
		58B4A8A41E26196800121B04 /* QuartzCore.framework in Frameworks */ = {isa = PBXBuildFile; fileRef = 58B4A8A31E26196800121B04 /* QuartzCore.framework */; };
		58B4A8A61E26197100121B04 /* SystemConfiguration.framework in Frameworks */ = {isa = PBXBuildFile; fileRef = 58B4A8A51E26197100121B04 /* SystemConfiguration.framework */; };
		58B4A8A81E26197700121B04 /* CoreTelephony.framework in Frameworks */ = {isa = PBXBuildFile; fileRef = 58B4A8A71E26197700121B04 /* CoreTelephony.framework */; };
		58B4A8AA1E26198300121B04 /* libz.tbd in Frameworks */ = {isa = PBXBuildFile; fileRef = 58B4A8A91E26198300121B04 /* libz.tbd */; };
		58B4A8AC1E26198B00121B04 /* Security.framework in Frameworks */ = {isa = PBXBuildFile; fileRef = 58B4A8AB1E26198B00121B04 /* Security.framework */; };
		58B4A8AE1E26199100121B04 /* StoreKit.framework in Frameworks */ = {isa = PBXBuildFile; fileRef = 58B4A8AD1E26199100121B04 /* StoreKit.framework */; };
		58CC4BE01E1F8F7100421F48 /* UIImage+Common.m in Sources */ = {isa = PBXBuildFile; fileRef = 58CC4BDD1E1F8F7100421F48 /* UIImage+Common.m */; };
		58CC4BE41E1F900600421F48 /* DTTabBarController.m in Sources */ = {isa = PBXBuildFile; fileRef = 58CC4BE31E1F900600421F48 /* DTTabBarController.m */; };
		58CC4BE71E1F922D00421F48 /* DTListAndReciptViewController.m in Sources */ = {isa = PBXBuildFile; fileRef = 58CC4BE61E1F922D00421F48 /* DTListAndReciptViewController.m */; };
		58CC4BED1E1F927400421F48 /* DTAppSettingViewController.m in Sources */ = {isa = PBXBuildFile; fileRef = 58CC4BEC1E1F927400421F48 /* DTAppSettingViewController.m */; };
		58CC4BF01E1F929B00421F48 /* DTTailorCalculatorViewController.m in Sources */ = {isa = PBXBuildFile; fileRef = 58CC4BEF1E1F929B00421F48 /* DTTailorCalculatorViewController.m */; };
		58CC4BF61E1F984100421F48 /* DTAppHelpViewController.m in Sources */ = {isa = PBXBuildFile; fileRef = 58CC4BF51E1F984100421F48 /* DTAppHelpViewController.m */; };
		58CC4BF91E1F990600421F48 /* DTBaseViewController.m in Sources */ = {isa = PBXBuildFile; fileRef = 58CC4BF81E1F990600421F48 /* DTBaseViewController.m */; };
		58CC4BFE1E1F9B6700421F48 /* DTBaseCell.m in Sources */ = {isa = PBXBuildFile; fileRef = 58CC4BFD1E1F9B6700421F48 /* DTBaseCell.m */; };
		58CC4C011E1F9C0000421F48 /* DTTableCell.m in Sources */ = {isa = PBXBuildFile; fileRef = 58CC4C001E1F9C0000421F48 /* DTTableCell.m */; };
		58CC4C051E1F9CD500421F48 /* DTTableHeaderView.m in Sources */ = {isa = PBXBuildFile; fileRef = 58CC4C041E1F9CD500421F48 /* DTTableHeaderView.m */; };
		58CC4C071E1F9D6E00421F48 /* DTReciptMaterialViewController.m in Sources */ = {isa = PBXBuildFile; fileRef = 58CC4C061E1F9D6E00421F48 /* DTReciptMaterialViewController.m */; };
		58CC4C0B1E1F9E6E00421F48 /* DTDetailMaterialCell.m in Sources */ = {isa = PBXBuildFile; fileRef = 58CC4C0A1E1F9E6E00421F48 /* DTDetailMaterialCell.m */; };
		58CC4C0E1E1FA0A400421F48 /* DTAppSettingCell.m in Sources */ = {isa = PBXBuildFile; fileRef = 58CC4C0D1E1FA0A400421F48 /* DTAppSettingCell.m */; };
		58CC4C121E1FA79600421F48 /* DTCalculatorViewController.m in Sources */ = {isa = PBXBuildFile; fileRef = 58CC4C111E1FA79600421F48 /* DTCalculatorViewController.m */; };
		58F877B51E20A24400C879E5 /* data.db in Resources */ = {isa = PBXBuildFile; fileRef = 58F877B41E20A24400C879E5 /* data.db */; };
		58F877B71E20A28000C879E5 /* libsqlite3.0.tbd in Frameworks */ = {isa = PBXBuildFile; fileRef = 58F877B61E20A28000C879E5 /* libsqlite3.0.tbd */; };
		58F877B91E20A6EC00C879E5 /* DTGlobalTailorInfo.m in Sources */ = {isa = PBXBuildFile; fileRef = 58F877B81E20A6EC00C879E5 /* DTGlobalTailorInfo.m */; };
		FE489177A02A21F8561EE474 /* libPods-dqxTailor.a in Frameworks */ = {isa = PBXBuildFile; fileRef = ED5ED8E680CF3DAB29F2A51A /* libPods-dqxTailor.a */; };
/* End PBXBuildFile section */

/* Begin PBXFileReference section */
		582521E51E1F875B000F5D51 /* dqxTailor.app */ = {isa = PBXFileReference; explicitFileType = wrapper.application; includeInIndex = 0; path = dqxTailor.app; sourceTree = BUILT_PRODUCTS_DIR; };
		582521E91E1F875B000F5D51 /* main.m */ = {isa = PBXFileReference; lastKnownFileType = sourcecode.c.objc; path = main.m; sourceTree = "<group>"; };
		582521EB1E1F875B000F5D51 /* AppDelegate.h */ = {isa = PBXFileReference; lastKnownFileType = sourcecode.c.h; path = AppDelegate.h; sourceTree = "<group>"; };
		582521EC1E1F875B000F5D51 /* AppDelegate.m */ = {isa = PBXFileReference; lastKnownFileType = sourcecode.c.objc; path = AppDelegate.m; sourceTree = "<group>"; };
		582521F21E1F875B000F5D51 /* Base */ = {isa = PBXFileReference; lastKnownFileType = file.storyboard; name = Base; path = Base.lproj/Main.storyboard; sourceTree = "<group>"; };
		582521F41E1F875B000F5D51 /* Assets.xcassets */ = {isa = PBXFileReference; lastKnownFileType = folder.assetcatalog; path = Assets.xcassets; sourceTree = "<group>"; };
		582521F71E1F875B000F5D51 /* Base */ = {isa = PBXFileReference; lastKnownFileType = file.storyboard; name = Base; path = Base.lproj/LaunchScreen.storyboard; sourceTree = "<group>"; };
		582521F91E1F875B000F5D51 /* Info.plist */ = {isa = PBXFileReference; lastKnownFileType = text.plist.xml; path = Info.plist; sourceTree = "<group>"; };
		58B4A8981E26190E00121B04 /* libGDTMobSDK.a */ = {isa = PBXFileReference; lastKnownFileType = archive.ar; path = libGDTMobSDK.a; sourceTree = "<group>"; };
		58B4A89A1E26193A00121B04 /* GDTMobBannerView.h */ = {isa = PBXFileReference; fileEncoding = 4; lastKnownFileType = sourcecode.c.h; path = GDTMobBannerView.h; sourceTree = SOURCE_ROOT; };
		58B4A89B1E26193A00121B04 /* GDTMobInterstitial.h */ = {isa = PBXFileReference; fileEncoding = 4; lastKnownFileType = sourcecode.c.h; path = GDTMobInterstitial.h; sourceTree = SOURCE_ROOT; };
		58B4A89C1E26193A00121B04 /* GDTNativeAd.h */ = {isa = PBXFileReference; fileEncoding = 4; lastKnownFileType = sourcecode.c.h; path = GDTNativeAd.h; sourceTree = SOURCE_ROOT; };
		58B4A89D1E26193A00121B04 /* GDTSplashAd.h */ = {isa = PBXFileReference; fileEncoding = 4; lastKnownFileType = sourcecode.c.h; path = GDTSplashAd.h; sourceTree = SOURCE_ROOT; };
		58B4A89E1E26193A00121B04 /* GDTTrack.h */ = {isa = PBXFileReference; fileEncoding = 4; lastKnownFileType = sourcecode.c.h; path = GDTTrack.h; sourceTree = SOURCE_ROOT; };
		58B4A89F1E26195600121B04 /* AdSupport.framework */ = {isa = PBXFileReference; lastKnownFileType = wrapper.framework; name = AdSupport.framework; path = System/Library/Frameworks/AdSupport.framework; sourceTree = SDKROOT; };
		58B4A8A11E26195F00121B04 /* CoreLocation.framework */ = {isa = PBXFileReference; lastKnownFileType = wrapper.framework; name = CoreLocation.framework; path = System/Library/Frameworks/CoreLocation.framework; sourceTree = SDKROOT; };
		58B4A8A31E26196800121B04 /* QuartzCore.framework */ = {isa = PBXFileReference; lastKnownFileType = wrapper.framework; name = QuartzCore.framework; path = System/Library/Frameworks/QuartzCore.framework; sourceTree = SDKROOT; };
		58B4A8A51E26197100121B04 /* SystemConfiguration.framework */ = {isa = PBXFileReference; lastKnownFileType = wrapper.framework; name = SystemConfiguration.framework; path = System/Library/Frameworks/SystemConfiguration.framework; sourceTree = SDKROOT; };
		58B4A8A71E26197700121B04 /* CoreTelephony.framework */ = {isa = PBXFileReference; lastKnownFileType = wrapper.framework; name = CoreTelephony.framework; path = System/Library/Frameworks/CoreTelephony.framework; sourceTree = SDKROOT; };
		58B4A8A91E26198300121B04 /* libz.tbd */ = {isa = PBXFileReference; lastKnownFileType = "sourcecode.text-based-dylib-definition"; name = libz.tbd; path = usr/lib/libz.tbd; sourceTree = SDKROOT; };
		58B4A8AB1E26198B00121B04 /* Security.framework */ = {isa = PBXFileReference; lastKnownFileType = wrapper.framework; name = Security.framework; path = System/Library/Frameworks/Security.framework; sourceTree = SDKROOT; };
		58B4A8AD1E26199100121B04 /* StoreKit.framework */ = {isa = PBXFileReference; lastKnownFileType = wrapper.framework; name = StoreKit.framework; path = System/Library/Frameworks/StoreKit.framework; sourceTree = SDKROOT; };
		58CC4BCF1E1F8BA800421F48 /* dqxTailor.pch */ = {isa = PBXFileReference; lastKnownFileType = sourcecode.c.h; path = dqxTailor.pch; sourceTree = "<group>"; };
		58CC4BD91E1F8F5A00421F48 /* Macros.h */ = {isa = PBXFileReference; fileEncoding = 4; lastKnownFileType = sourcecode.c.h; name = Macros.h; path = Common/Headers/Macros.h; sourceTree = "<group>"; };
		58CC4BDA1E1F8F5A00421F48 /* Constants.h */ = {isa = PBXFileReference; fileEncoding = 4; lastKnownFileType = sourcecode.c.h; name = Constants.h; path = Common/Headers/Constants.h; sourceTree = "<group>"; };
		58CC4BDD1E1F8F7100421F48 /* UIImage+Common.m */ = {isa = PBXFileReference; fileEncoding = 4; lastKnownFileType = sourcecode.c.objc; name = "UIImage+Common.m"; path = "Common/Categories/UIImage+Common.m"; sourceTree = "<group>"; };
		58CC4BDE1E1F8F7100421F48 /* UIImage+Common.h */ = {isa = PBXFileReference; fileEncoding = 4; lastKnownFileType = sourcecode.c.h; name = "UIImage+Common.h"; path = "Common/Categories/UIImage+Common.h"; sourceTree = "<group>"; };
		58CC4BE21E1F8FDF00421F48 /* DTTabBarController.h */ = {isa = PBXFileReference; lastKnownFileType = sourcecode.c.h; name = DTTabBarController.h; path = ViewControllers/TabBar/DTTabBarController.h; sourceTree = "<group>"; };
		58CC4BE31E1F900600421F48 /* DTTabBarController.m */ = {isa = PBXFileReference; fileEncoding = 4; lastKnownFileType = sourcecode.c.objc; name = DTTabBarController.m; path = ViewControllers/TabBar/DTTabBarController.m; sourceTree = "<group>"; };
		58CC4BE51E1F921B00421F48 /* DTListAndReciptViewController.h */ = {isa = PBXFileReference; lastKnownFileType = sourcecode.c.h; name = DTListAndReciptViewController.h; path = ViewControllers/ListAndRecipe/DTListAndReciptViewController.h; sourceTree = "<group>"; };
		58CC4BE61E1F922D00421F48 /* DTListAndReciptViewController.m */ = {isa = PBXFileReference; fileEncoding = 4; lastKnownFileType = sourcecode.c.objc; name = DTListAndReciptViewController.m; path = ViewControllers/ListAndRecipe/DTListAndReciptViewController.m; sourceTree = "<group>"; };
		58CC4BEB1E1F926700421F48 /* DTAppSettingViewController.h */ = {isa = PBXFileReference; lastKnownFileType = sourcecode.c.h; name = DTAppSettingViewController.h; path = ViewControllers/AppSetting/DTAppSettingViewController.h; sourceTree = "<group>"; };
		58CC4BEC1E1F927400421F48 /* DTAppSettingViewController.m */ = {isa = PBXFileReference; fileEncoding = 4; lastKnownFileType = sourcecode.c.objc; name = DTAppSettingViewController.m; path = ViewControllers/AppSetting/DTAppSettingViewController.m; sourceTree = "<group>"; };
		58CC4BEE1E1F929B00421F48 /* DTTailorCalculatorViewController.h */ = {isa = PBXFileReference; fileEncoding = 4; lastKnownFileType = sourcecode.c.h; name = DTTailorCalculatorViewController.h; path = ViewControllers/TailorCalculator/DTTailorCalculatorViewController.h; sourceTree = "<group>"; };
		58CC4BEF1E1F929B00421F48 /* DTTailorCalculatorViewController.m */ = {isa = PBXFileReference; fileEncoding = 4; lastKnownFileType = sourcecode.c.objc; name = DTTailorCalculatorViewController.m; path = ViewControllers/TailorCalculator/DTTailorCalculatorViewController.m; sourceTree = "<group>"; };
		58CC4BF41E1F983400421F48 /* DTAppHelpViewController.h */ = {isa = PBXFileReference; lastKnownFileType = sourcecode.c.h; name = DTAppHelpViewController.h; path = ViewControllers/AppSetting/DTAppHelpViewController.h; sourceTree = "<group>"; };
		58CC4BF51E1F984100421F48 /* DTAppHelpViewController.m */ = {isa = PBXFileReference; fileEncoding = 4; lastKnownFileType = sourcecode.c.objc; name = DTAppHelpViewController.m; path = ViewControllers/AppSetting/DTAppHelpViewController.m; sourceTree = "<group>"; };
		58CC4BF81E1F990600421F48 /* DTBaseViewController.m */ = {isa = PBXFileReference; fileEncoding = 4; lastKnownFileType = sourcecode.c.objc; name = DTBaseViewController.m; path = ViewControllers/Base/DTBaseViewController.m; sourceTree = "<group>"; };
		58CC4BFA1E1F991000421F48 /* DTBaseViewController.h */ = {isa = PBXFileReference; lastKnownFileType = sourcecode.c.h; name = DTBaseViewController.h; path = ViewControllers/Base/DTBaseViewController.h; sourceTree = "<group>"; };
		58CC4BFC1E1F9B5B00421F48 /* DTBaseCell.h */ = {isa = PBXFileReference; lastKnownFileType = sourcecode.c.h; name = DTBaseCell.h; path = CustomViews/Base/DTBaseCell.h; sourceTree = "<group>"; };
		58CC4BFD1E1F9B6700421F48 /* DTBaseCell.m */ = {isa = PBXFileReference; fileEncoding = 4; lastKnownFileType = sourcecode.c.objc; name = DTBaseCell.m; path = CustomViews/Base/DTBaseCell.m; sourceTree = "<group>"; };
		58CC4C001E1F9C0000421F48 /* DTTableCell.m */ = {isa = PBXFileReference; fileEncoding = 4; lastKnownFileType = sourcecode.c.objc; name = DTTableCell.m; path = CustomViews/TableCells/DTTableCell.m; sourceTree = "<group>"; };
		58CC4C021E1F9C0900421F48 /* DTTableCell.h */ = {isa = PBXFileReference; lastKnownFileType = sourcecode.c.h; name = DTTableCell.h; path = CustomViews/TableCells/DTTableCell.h; sourceTree = "<group>"; };
		58CC4C031E1F9CC900421F48 /* DTTableHeaderView.h */ = {isa = PBXFileReference; lastKnownFileType = sourcecode.c.h; name = DTTableHeaderView.h; path = CustomViews/TableCells/DTTableHeaderView.h; sourceTree = "<group>"; };
		58CC4C041E1F9CD500421F48 /* DTTableHeaderView.m */ = {isa = PBXFileReference; fileEncoding = 4; lastKnownFileType = sourcecode.c.objc; name = DTTableHeaderView.m; path = CustomViews/TableCells/DTTableHeaderView.m; sourceTree = "<group>"; };
		58CC4C061E1F9D6E00421F48 /* DTReciptMaterialViewController.m */ = {isa = PBXFileReference; fileEncoding = 4; lastKnownFileType = sourcecode.c.objc; name = DTReciptMaterialViewController.m; path = ViewControllers/ListAndRecipe/DTReciptMaterialViewController.m; sourceTree = "<group>"; };
		58CC4C081E1F9D7700421F48 /* DTReciptMaterialViewController.h */ = {isa = PBXFileReference; lastKnownFileType = sourcecode.c.h; name = DTReciptMaterialViewController.h; path = ViewControllers/ListAndRecipe/DTReciptMaterialViewController.h; sourceTree = "<group>"; };
		58CC4C091E1F9E6300421F48 /* DTDetailMaterialCell.h */ = {isa = PBXFileReference; lastKnownFileType = sourcecode.c.h; name = DTDetailMaterialCell.h; path = CustomViews/TableCells/DTDetailMaterialCell.h; sourceTree = "<group>"; };
		58CC4C0A1E1F9E6E00421F48 /* DTDetailMaterialCell.m */ = {isa = PBXFileReference; fileEncoding = 4; lastKnownFileType = sourcecode.c.objc; name = DTDetailMaterialCell.m; path = CustomViews/TableCells/DTDetailMaterialCell.m; sourceTree = "<group>"; };
		58CC4C0D1E1FA0A400421F48 /* DTAppSettingCell.m */ = {isa = PBXFileReference; fileEncoding = 4; lastKnownFileType = sourcecode.c.objc; name = DTAppSettingCell.m; path = CustomViews/AppSettingCell/DTAppSettingCell.m; sourceTree = "<group>"; };
		58CC4C0F1E1FA0AC00421F48 /* DTAppSettingCell.h */ = {isa = PBXFileReference; lastKnownFileType = sourcecode.c.h; name = DTAppSettingCell.h; path = CustomViews/AppSettingCell/DTAppSettingCell.h; sourceTree = "<group>"; };
		58CC4C101E1FA78600421F48 /* DTCalculatorViewController.h */ = {isa = PBXFileReference; lastKnownFileType = sourcecode.c.h; name = DTCalculatorViewController.h; path = ViewControllers/TailorCalculator/DTCalculatorViewController.h; sourceTree = "<group>"; };
		58CC4C111E1FA79600421F48 /* DTCalculatorViewController.m */ = {isa = PBXFileReference; fileEncoding = 4; lastKnownFileType = sourcecode.c.objc; name = DTCalculatorViewController.m; path = ViewControllers/TailorCalculator/DTCalculatorViewController.m; sourceTree = "<group>"; };
		58F877B41E20A24400C879E5 /* data.db */ = {isa = PBXFileReference; lastKnownFileType = file; name = data.db; path = database/data.db; sourceTree = "<group>"; };
		58F877B61E20A28000C879E5 /* libsqlite3.0.tbd */ = {isa = PBXFileReference; lastKnownFileType = "sourcecode.text-based-dylib-definition"; name = libsqlite3.0.tbd; path = usr/lib/libsqlite3.0.tbd; sourceTree = SDKROOT; };
		58F877B81E20A6EC00C879E5 /* DTGlobalTailorInfo.m */ = {isa = PBXFileReference; fileEncoding = 4; lastKnownFileType = sourcecode.c.objc; name = DTGlobalTailorInfo.m; path = Models/DTGlobalTailorInfo.m; sourceTree = "<group>"; };
		58F877BB1E20AB0100C879E5 /* DTGlobalTailorInfo.h */ = {isa = PBXFileReference; fileEncoding = 4; lastKnownFileType = sourcecode.c.h; name = DTGlobalTailorInfo.h; path = Models/DTGlobalTailorInfo.h; sourceTree = "<group>"; };
		B13BCBAF5639DBE8411525ED /* Pods-dqxTailor.release.xcconfig */ = {isa = PBXFileReference; includeInIndex = 1; lastKnownFileType = text.xcconfig; name = "Pods-dqxTailor.release.xcconfig"; path = "Pods/Target Support Files/Pods-dqxTailor/Pods-dqxTailor.release.xcconfig"; sourceTree = "<group>"; };
		D2BBE20B1C9938E15DFA26E2 /* Pods-dqxTailor.debug.xcconfig */ = {isa = PBXFileReference; includeInIndex = 1; lastKnownFileType = text.xcconfig; name = "Pods-dqxTailor.debug.xcconfig"; path = "Pods/Target Support Files/Pods-dqxTailor/Pods-dqxTailor.debug.xcconfig"; sourceTree = "<group>"; };
		ED5ED8E680CF3DAB29F2A51A /* libPods-dqxTailor.a */ = {isa = PBXFileReference; explicitFileType = archive.ar; includeInIndex = 0; path = "libPods-dqxTailor.a"; sourceTree = BUILT_PRODUCTS_DIR; };
/* End PBXFileReference section */

/* Begin PBXFrameworksBuildPhase section */
		582521E21E1F875B000F5D51 /* Frameworks */ = {
			isa = PBXFrameworksBuildPhase;
			buildActionMask = 2147483647;
			files = (
				58B4A8AE1E26199100121B04 /* StoreKit.framework in Frameworks */,
				58B4A8AC1E26198B00121B04 /* Security.framework in Frameworks */,
				58B4A8AA1E26198300121B04 /* libz.tbd in Frameworks */,
				58B4A8A81E26197700121B04 /* CoreTelephony.framework in Frameworks */,
				58B4A8A61E26197100121B04 /* SystemConfiguration.framework in Frameworks */,
				58B4A8A41E26196800121B04 /* QuartzCore.framework in Frameworks */,
				58B4A8A21E26195F00121B04 /* CoreLocation.framework in Frameworks */,
				58B4A8A01E26195600121B04 /* AdSupport.framework in Frameworks */,
				58B4A8991E26190E00121B04 /* libGDTMobSDK.a in Frameworks */,
				58F877B71E20A28000C879E5 /* libsqlite3.0.tbd in Frameworks */,
				FE489177A02A21F8561EE474 /* libPods-dqxTailor.a in Frameworks */,
			);
			runOnlyForDeploymentPostprocessing = 0;
		};
/* End PBXFrameworksBuildPhase section */

/* Begin PBXGroup section */
		3E6FE6E1704F26D98C592959 /* Pods */ = {
			isa = PBXGroup;
			children = (
				D2BBE20B1C9938E15DFA26E2 /* Pods-dqxTailor.debug.xcconfig */,
				B13BCBAF5639DBE8411525ED /* Pods-dqxTailor.release.xcconfig */,
			);
			name = Pods;
			sourceTree = "<group>";
		};
		582521DC1E1F875B000F5D51 = {
			isa = PBXGroup;
			children = (
				582521E71E1F875B000F5D51 /* dqxTailor */,
				582521E61E1F875B000F5D51 /* Products */,
				3E6FE6E1704F26D98C592959 /* Pods */,
				D271CFE076D72A8E63B971ED /* Frameworks */,
			);
			sourceTree = "<group>";
		};
		582521E61E1F875B000F5D51 /* Products */ = {
			isa = PBXGroup;
			children = (
				582521E51E1F875B000F5D51 /* dqxTailor.app */,
			);
			name = Products;
			sourceTree = "<group>";
		};
		582521E71E1F875B000F5D51 /* dqxTailor */ = {
			isa = PBXGroup;
			children = (
				58B4A89A1E26193A00121B04 /* GDTMobBannerView.h */,
				58B4A89B1E26193A00121B04 /* GDTMobInterstitial.h */,
				58B4A89C1E26193A00121B04 /* GDTNativeAd.h */,
				58B4A89D1E26193A00121B04 /* GDTSplashAd.h */,
				58B4A89E1E26193A00121B04 /* GDTTrack.h */,
				58F877B31E20A22200C879E5 /* database */,
				58CC4BD31E1F8EC700421F48 /* Common */,
				58CC4BD21E1F8EC000421F48 /* Models */,
				58CC4BD11E1F8EB400421F48 /* CustomViews */,
				58CC4BD01E1F8EAC00421F48 /* ViewControllers */,
				582521EB1E1F875B000F5D51 /* AppDelegate.h */,
				582521EC1E1F875B000F5D51 /* AppDelegate.m */,
				582521F11E1F875B000F5D51 /* Main.storyboard */,
				582521F41E1F875B000F5D51 /* Assets.xcassets */,
				582521F61E1F875B000F5D51 /* LaunchScreen.storyboard */,
				582521F91E1F875B000F5D51 /* Info.plist */,
				582521E81E1F875B000F5D51 /* Supporting Files */,
			);
			path = dqxTailor;
			sourceTree = "<group>";
		};
		582521E81E1F875B000F5D51 /* Supporting Files */ = {
			isa = PBXGroup;
			children = (
				582521E91E1F875B000F5D51 /* main.m */,
				58CC4BCF1E1F8BA800421F48 /* dqxTailor.pch */,
			);
			name = "Supporting Files";
			sourceTree = "<group>";
		};
		58CC4BD01E1F8EAC00421F48 /* ViewControllers */ = {
			isa = PBXGroup;
			children = (
				58CC4BF71E1F98CA00421F48 /* Base */,
				58CC4BE11E1F8FB800421F48 /* TabBar */,
				58CC4BD51E1F8EEF00421F48 /* ListAndRecipt */,
				58CC4BD41E1F8EE300421F48 /* TailorCalculator */,
				58CC4BD61E1F8EFA00421F48 /* AppSetting */,
			);
			name = ViewControllers;
			sourceTree = "<group>";
		};
		58CC4BD11E1F8EB400421F48 /* CustomViews */ = {
			isa = PBXGroup;
			children = (
				58CC4C0C1E1FA07E00421F48 /* AppSettingCell */,
				58CC4BFF1E1F9BC500421F48 /* TableCells */,
				58CC4BFB1E1F9B3D00421F48 /* Base */,
			);
			name = CustomViews;
			sourceTree = "<group>";
		};
		58CC4BD21E1F8EC000421F48 /* Models */ = {
			isa = PBXGroup;
			children = (
				58F877BB1E20AB0100C879E5 /* DTGlobalTailorInfo.h */,
				58F877B81E20A6EC00C879E5 /* DTGlobalTailorInfo.m */,
			);
			name = Models;
			sourceTree = "<group>";
		};
		58CC4BD31E1F8EC700421F48 /* Common */ = {
			isa = PBXGroup;
			children = (
				58CC4BD71E1F8F3700421F48 /* Categories */,
				58CC4BD81E1F8F3F00421F48 /* Headers */,
			);
			name = Common;
			sourceTree = "<group>";
		};
		58CC4BD41E1F8EE300421F48 /* TailorCalculator */ = {
			isa = PBXGroup;
			children = (
				58CC4BEE1E1F929B00421F48 /* DTTailorCalculatorViewController.h */,
				58CC4BEF1E1F929B00421F48 /* DTTailorCalculatorViewController.m */,
				58CC4C101E1FA78600421F48 /* DTCalculatorViewController.h */,
				58CC4C111E1FA79600421F48 /* DTCalculatorViewController.m */,
			);
			name = TailorCalculator;
			sourceTree = "<group>";
		};
		58CC4BD51E1F8EEF00421F48 /* ListAndRecipt */ = {
			isa = PBXGroup;
			children = (
				58CC4BE51E1F921B00421F48 /* DTListAndReciptViewController.h */,
				58CC4BE61E1F922D00421F48 /* DTListAndReciptViewController.m */,
				58CC4C081E1F9D7700421F48 /* DTReciptMaterialViewController.h */,
				58CC4C061E1F9D6E00421F48 /* DTReciptMaterialViewController.m */,
			);
			name = ListAndRecipt;
			sourceTree = "<group>";
		};
		58CC4BD61E1F8EFA00421F48 /* AppSetting */ = {
			isa = PBXGroup;
			children = (
				58CC4BEB1E1F926700421F48 /* DTAppSettingViewController.h */,
				58CC4BEC1E1F927400421F48 /* DTAppSettingViewController.m */,
				58CC4BF41E1F983400421F48 /* DTAppHelpViewController.h */,
				58CC4BF51E1F984100421F48 /* DTAppHelpViewController.m */,
			);
			name = AppSetting;
			sourceTree = "<group>";
		};
		58CC4BD71E1F8F3700421F48 /* Categories */ = {
			isa = PBXGroup;
			children = (
				58CC4BDD1E1F8F7100421F48 /* UIImage+Common.m */,
				58CC4BDE1E1F8F7100421F48 /* UIImage+Common.h */,
			);
			name = Categories;
			sourceTree = "<group>";
		};
		58CC4BD81E1F8F3F00421F48 /* Headers */ = {
			isa = PBXGroup;
			children = (
				58CC4BD91E1F8F5A00421F48 /* Macros.h */,
				58CC4BDA1E1F8F5A00421F48 /* Constants.h */,
			);
			name = Headers;
			sourceTree = "<group>";
		};
		58CC4BE11E1F8FB800421F48 /* TabBar */ = {
			isa = PBXGroup;
			children = (
				58CC4BE21E1F8FDF00421F48 /* DTTabBarController.h */,
				58CC4BE31E1F900600421F48 /* DTTabBarController.m */,
			);
			name = TabBar;
			sourceTree = "<group>";
		};
		58CC4BF71E1F98CA00421F48 /* Base */ = {
			isa = PBXGroup;
			children = (
				58CC4BF81E1F990600421F48 /* DTBaseViewController.m */,
				58CC4BFA1E1F991000421F48 /* DTBaseViewController.h */,
			);
			name = Base;
			sourceTree = "<group>";
		};
		58CC4BFB1E1F9B3D00421F48 /* Base */ = {
			isa = PBXGroup;
			children = (
				58CC4BFC1E1F9B5B00421F48 /* DTBaseCell.h */,
				58CC4BFD1E1F9B6700421F48 /* DTBaseCell.m */,
			);
			name = Base;
			sourceTree = "<group>";
		};
		58CC4BFF1E1F9BC500421F48 /* TableCells */ = {
			isa = PBXGroup;
			children = (
				58CC4C001E1F9C0000421F48 /* DTTableCell.m */,
				58CC4C021E1F9C0900421F48 /* DTTableCell.h */,
				58CC4C031E1F9CC900421F48 /* DTTableHeaderView.h */,
				58CC4C041E1F9CD500421F48 /* DTTableHeaderView.m */,
				58CC4C091E1F9E6300421F48 /* DTDetailMaterialCell.h */,
				58CC4C0A1E1F9E6E00421F48 /* DTDetailMaterialCell.m */,
			);
			name = TableCells;
			sourceTree = "<group>";
		};
		58CC4C0C1E1FA07E00421F48 /* AppSettingCell */ = {
			isa = PBXGroup;
			children = (
				58CC4C0F1E1FA0AC00421F48 /* DTAppSettingCell.h */,
				58CC4C0D1E1FA0A400421F48 /* DTAppSettingCell.m */,
			);
			name = AppSettingCell;
			sourceTree = "<group>";
		};
		58F877B31E20A22200C879E5 /* database */ = {
			isa = PBXGroup;
			children = (
				58F877B41E20A24400C879E5 /* data.db */,
			);
			name = database;
			sourceTree = "<group>";
		};
		D271CFE076D72A8E63B971ED /* Frameworks */ = {
			isa = PBXGroup;
			children = (
				58B4A8AD1E26199100121B04 /* StoreKit.framework */,
				58B4A8AB1E26198B00121B04 /* Security.framework */,
				58B4A8A91E26198300121B04 /* libz.tbd */,
				58B4A8A71E26197700121B04 /* CoreTelephony.framework */,
				58B4A8A51E26197100121B04 /* SystemConfiguration.framework */,
				58B4A8A31E26196800121B04 /* QuartzCore.framework */,
				58B4A8A11E26195F00121B04 /* CoreLocation.framework */,
				58B4A89F1E26195600121B04 /* AdSupport.framework */,
				58B4A8981E26190E00121B04 /* libGDTMobSDK.a */,
				58F877B61E20A28000C879E5 /* libsqlite3.0.tbd */,
				ED5ED8E680CF3DAB29F2A51A /* libPods-dqxTailor.a */,
			);
			name = Frameworks;
			sourceTree = "<group>";
		};
/* End PBXGroup section */

/* Begin PBXNativeTarget section */
		582521E41E1F875B000F5D51 /* dqxTailor */ = {
			isa = PBXNativeTarget;
			buildConfigurationList = 582521FC1E1F875B000F5D51 /* Build configuration list for PBXNativeTarget "dqxTailor" */;
			buildPhases = (
				ADAA745AD19F069C08FB42FE /* [CP] Check Pods Manifest.lock */,
				582521E11E1F875B000F5D51 /* Sources */,
				582521E21E1F875B000F5D51 /* Frameworks */,
				582521E31E1F875B000F5D51 /* Resources */,
				2CD53DE01EFD5201717BC0C9 /* [CP] Embed Pods Frameworks */,
				C0CAD2EB442C29B7FBE820FC /* [CP] Copy Pods Resources */,
			);
			buildRules = (
			);
			dependencies = (
			);
			name = dqxTailor;
			productName = dqxTailor;
			productReference = 582521E51E1F875B000F5D51 /* dqxTailor.app */;
			productType = "com.apple.product-type.application";
		};
/* End PBXNativeTarget section */

/* Begin PBXProject section */
		582521DD1E1F875B000F5D51 /* Project object */ = {
			isa = PBXProject;
			attributes = {
				LastUpgradeCheck = 0810;
				ORGANIZATIONNAME = HANSHAOWEN;
				TargetAttributes = {
					582521E41E1F875B000F5D51 = {
						CreatedOnToolsVersion = 8.1;
						DevelopmentTeam = 887CVK63XR;
						ProvisioningStyle = Manual;
					};
				};
			};
			buildConfigurationList = 582521E01E1F875B000F5D51 /* Build configuration list for PBXProject "dqxTailor" */;
			compatibilityVersion = "Xcode 3.2";
			developmentRegion = English;
			hasScannedForEncodings = 0;
			knownRegions = (
				en,
				Base,
			);
			mainGroup = 582521DC1E1F875B000F5D51;
			productRefGroup = 582521E61E1F875B000F5D51 /* Products */;
			projectDirPath = "";
			projectRoot = "";
			targets = (
				582521E41E1F875B000F5D51 /* dqxTailor */,
			);
		};
/* End PBXProject section */

/* Begin PBXResourcesBuildPhase section */
		582521E31E1F875B000F5D51 /* Resources */ = {
			isa = PBXResourcesBuildPhase;
			buildActionMask = 2147483647;
			files = (
				582521F81E1F875B000F5D51 /* LaunchScreen.storyboard in Resources */,
				58F877B51E20A24400C879E5 /* data.db in Resources */,
				582521F51E1F875B000F5D51 /* Assets.xcassets in Resources */,
				582521F31E1F875B000F5D51 /* Main.storyboard in Resources */,
			);
			runOnlyForDeploymentPostprocessing = 0;
		};
/* End PBXResourcesBuildPhase section */

/* Begin PBXShellScriptBuildPhase section */
		2CD53DE01EFD5201717BC0C9 /* [CP] Embed Pods Frameworks */ = {
			isa = PBXShellScriptBuildPhase;
			buildActionMask = 2147483647;
			files = (
			);
			inputPaths = (
			);
			name = "[CP] Embed Pods Frameworks";
			outputPaths = (
			);
			runOnlyForDeploymentPostprocessing = 0;
			shellPath = /bin/sh;
			shellScript = "\"${SRCROOT}/Pods/Target Support Files/Pods-dqxTailor/Pods-dqxTailor-frameworks.sh\"\n";
			showEnvVarsInLog = 0;
		};
		ADAA745AD19F069C08FB42FE /* [CP] Check Pods Manifest.lock */ = {
			isa = PBXShellScriptBuildPhase;
			buildActionMask = 2147483647;
			files = (
			);
			inputPaths = (
			);
			name = "[CP] Check Pods Manifest.lock";
			outputPaths = (
			);
			runOnlyForDeploymentPostprocessing = 0;
			shellPath = /bin/sh;
			shellScript = "diff \"${PODS_ROOT}/../Podfile.lock\" \"${PODS_ROOT}/Manifest.lock\" > /dev/null\nif [ $? != 0 ] ; then\n    # print error to STDERR\n    echo \"error: The sandbox is not in sync with the Podfile.lock. Run 'pod install' or update your CocoaPods installation.\" >&2\n    exit 1\nfi\n";
			showEnvVarsInLog = 0;
		};
		C0CAD2EB442C29B7FBE820FC /* [CP] Copy Pods Resources */ = {
			isa = PBXShellScriptBuildPhase;
			buildActionMask = 2147483647;
			files = (
			);
			inputPaths = (
			);
			name = "[CP] Copy Pods Resources";
			outputPaths = (
			);
			runOnlyForDeploymentPostprocessing = 0;
			shellPath = /bin/sh;
			shellScript = "\"${SRCROOT}/Pods/Target Support Files/Pods-dqxTailor/Pods-dqxTailor-resources.sh\"\n";
			showEnvVarsInLog = 0;
		};
/* End PBXShellScriptBuildPhase section */

/* Begin PBXSourcesBuildPhase section */
		582521E11E1F875B000F5D51 /* Sources */ = {
			isa = PBXSourcesBuildPhase;
			buildActionMask = 2147483647;
			files = (
				58CC4BE71E1F922D00421F48 /* DTListAndReciptViewController.m in Sources */,
				58CC4C0E1E1FA0A400421F48 /* DTAppSettingCell.m in Sources */,
				58CC4BE01E1F8F7100421F48 /* UIImage+Common.m in Sources */,
				58F877B91E20A6EC00C879E5 /* DTGlobalTailorInfo.m in Sources */,
				58CC4BF61E1F984100421F48 /* DTAppHelpViewController.m in Sources */,
				58CC4BF91E1F990600421F48 /* DTBaseViewController.m in Sources */,
				58CC4BE41E1F900600421F48 /* DTTabBarController.m in Sources */,
				58CC4C071E1F9D6E00421F48 /* DTReciptMaterialViewController.m in Sources */,
				58CC4C011E1F9C0000421F48 /* DTTableCell.m in Sources */,
				58CC4C121E1FA79600421F48 /* DTCalculatorViewController.m in Sources */,
				58CC4BFE1E1F9B6700421F48 /* DTBaseCell.m in Sources */,
				58CC4C0B1E1F9E6E00421F48 /* DTDetailMaterialCell.m in Sources */,
				582521ED1E1F875B000F5D51 /* AppDelegate.m in Sources */,
				58CC4BED1E1F927400421F48 /* DTAppSettingViewController.m in Sources */,
				58CC4C051E1F9CD500421F48 /* DTTableHeaderView.m in Sources */,
				58CC4BF01E1F929B00421F48 /* DTTailorCalculatorViewController.m in Sources */,
				582521EA1E1F875B000F5D51 /* main.m in Sources */,
			);
			runOnlyForDeploymentPostprocessing = 0;
		};
/* End PBXSourcesBuildPhase section */

/* Begin PBXVariantGroup section */
		582521F11E1F875B000F5D51 /* Main.storyboard */ = {
			isa = PBXVariantGroup;
			children = (
				582521F21E1F875B000F5D51 /* Base */,
			);
			name = Main.storyboard;
			sourceTree = "<group>";
		};
		582521F61E1F875B000F5D51 /* LaunchScreen.storyboard */ = {
			isa = PBXVariantGroup;
			children = (
				582521F71E1F875B000F5D51 /* Base */,
			);
			name = LaunchScreen.storyboard;
			sourceTree = "<group>";
		};
/* End PBXVariantGroup section */

/* Begin XCBuildConfiguration section */
		582521FA1E1F875B000F5D51 /* Debug */ = {
			isa = XCBuildConfiguration;
			buildSettings = {
				ALWAYS_SEARCH_USER_PATHS = NO;
				CLANG_ANALYZER_NONNULL = YES;
				CLANG_CXX_LANGUAGE_STANDARD = "gnu++0x";
				CLANG_CXX_LIBRARY = "libc++";
				CLANG_ENABLE_MODULES = YES;
				CLANG_ENABLE_OBJC_ARC = YES;
				CLANG_WARN_BOOL_CONVERSION = YES;
				CLANG_WARN_CONSTANT_CONVERSION = YES;
				CLANG_WARN_DIRECT_OBJC_ISA_USAGE = YES_ERROR;
				CLANG_WARN_DOCUMENTATION_COMMENTS = YES;
				CLANG_WARN_EMPTY_BODY = YES;
				CLANG_WARN_ENUM_CONVERSION = YES;
				CLANG_WARN_INFINITE_RECURSION = YES;
				CLANG_WARN_INT_CONVERSION = YES;
				CLANG_WARN_OBJC_ROOT_CLASS = YES_ERROR;
				CLANG_WARN_SUSPICIOUS_MOVES = YES;
				CLANG_WARN_UNREACHABLE_CODE = YES;
				CLANG_WARN__DUPLICATE_METHOD_MATCH = YES;
				"CODE_SIGN_IDENTITY[sdk=iphoneos*]" = "iPhone Developer";
				COPY_PHASE_STRIP = NO;
				DEBUG_INFORMATION_FORMAT = dwarf;
				ENABLE_STRICT_OBJC_MSGSEND = YES;
				ENABLE_TESTABILITY = YES;
				GCC_C_LANGUAGE_STANDARD = gnu99;
				GCC_DYNAMIC_NO_PIC = NO;
				GCC_NO_COMMON_BLOCKS = YES;
				GCC_OPTIMIZATION_LEVEL = 0;
				GCC_PREPROCESSOR_DEFINITIONS = (
					"DEBUG=1",
					"$(inherited)",
				);
				GCC_WARN_64_TO_32_BIT_CONVERSION = YES;
				GCC_WARN_ABOUT_RETURN_TYPE = YES_ERROR;
				GCC_WARN_UNDECLARED_SELECTOR = YES;
				GCC_WARN_UNINITIALIZED_AUTOS = YES_AGGRESSIVE;
				GCC_WARN_UNUSED_FUNCTION = YES;
				GCC_WARN_UNUSED_VARIABLE = YES;
				IPHONEOS_DEPLOYMENT_TARGET = 8.0;
				MTL_ENABLE_DEBUG_INFO = YES;
				ONLY_ACTIVE_ARCH = YES;
				SDKROOT = iphoneos;
				TARGETED_DEVICE_FAMILY = "1,2";
			};
			name = Debug;
		};
		582521FB1E1F875B000F5D51 /* Release */ = {
			isa = XCBuildConfiguration;
			buildSettings = {
				ALWAYS_SEARCH_USER_PATHS = NO;
				CLANG_ANALYZER_NONNULL = YES;
				CLANG_CXX_LANGUAGE_STANDARD = "gnu++0x";
				CLANG_CXX_LIBRARY = "libc++";
				CLANG_ENABLE_MODULES = YES;
				CLANG_ENABLE_OBJC_ARC = YES;
				CLANG_WARN_BOOL_CONVERSION = YES;
				CLANG_WARN_CONSTANT_CONVERSION = YES;
				CLANG_WARN_DIRECT_OBJC_ISA_USAGE = YES_ERROR;
				CLANG_WARN_DOCUMENTATION_COMMENTS = YES;
				CLANG_WARN_EMPTY_BODY = YES;
				CLANG_WARN_ENUM_CONVERSION = YES;
				CLANG_WARN_INFINITE_RECURSION = YES;
				CLANG_WARN_INT_CONVERSION = YES;
				CLANG_WARN_OBJC_ROOT_CLASS = YES_ERROR;
				CLANG_WARN_SUSPICIOUS_MOVES = YES;
				CLANG_WARN_UNREACHABLE_CODE = YES;
				CLANG_WARN__DUPLICATE_METHOD_MATCH = YES;
				"CODE_SIGN_IDENTITY[sdk=iphoneos*]" = "iPhone Developer";
				COPY_PHASE_STRIP = NO;
				DEBUG_INFORMATION_FORMAT = "dwarf-with-dsym";
				ENABLE_NS_ASSERTIONS = NO;
				ENABLE_STRICT_OBJC_MSGSEND = YES;
				GCC_C_LANGUAGE_STANDARD = gnu99;
				GCC_NO_COMMON_BLOCKS = YES;
				GCC_WARN_64_TO_32_BIT_CONVERSION = YES;
				GCC_WARN_ABOUT_RETURN_TYPE = YES_ERROR;
				GCC_WARN_UNDECLARED_SELECTOR = YES;
				GCC_WARN_UNINITIALIZED_AUTOS = YES_AGGRESSIVE;
				GCC_WARN_UNUSED_FUNCTION = YES;
				GCC_WARN_UNUSED_VARIABLE = YES;
				IPHONEOS_DEPLOYMENT_TARGET = 8.0;
				MTL_ENABLE_DEBUG_INFO = NO;
				SDKROOT = iphoneos;
				TARGETED_DEVICE_FAMILY = "1,2";
				VALIDATE_PRODUCT = YES;
			};
			name = Release;
		};
		582521FD1E1F875B000F5D51 /* Debug */ = {
			isa = XCBuildConfiguration;
			baseConfigurationReference = D2BBE20B1C9938E15DFA26E2 /* Pods-dqxTailor.debug.xcconfig */;
			buildSettings = {
				ASSETCATALOG_COMPILER_APPICON_NAME = AppIcon;
				DEVELOPMENT_TEAM = "";
				GCC_PRECOMPILE_PREFIX_HEADER = YES;
				GCC_PREFIX_HEADER = dqxTailor/dqxTailor.pch;
				INFOPLIST_FILE = dqxTailor/Info.plist;
				IPHONEOS_DEPLOYMENT_TARGET = 8.0;
				LD_RUNPATH_SEARCH_PATHS = "$(inherited) @executable_path/Frameworks";
				LIBRARY_SEARCH_PATHS = (
					"$(inherited)",
					"$(PROJECT_DIR)",
				);
				PRODUCT_BUNDLE_IDENTIFIER = cn.mengyoutu.dqxTailor;
				PRODUCT_NAME = "$(TARGET_NAME)";
				TARGETED_DEVICE_FAMILY = "1,2";
			};
			name = Debug;
		};
		582521FE1E1F875B000F5D51 /* Release */ = {
			isa = XCBuildConfiguration;
			baseConfigurationReference = B13BCBAF5639DBE8411525ED /* Pods-dqxTailor.release.xcconfig */;
			buildSettings = {
				ASSETCATALOG_COMPILER_APPICON_NAME = AppIcon;
				"CODE_SIGN_IDENTITY[sdk=iphoneos*]" = "iPhone Distribution";
				DEVELOPMENT_TEAM = 887CVK63XR;
				GCC_PRECOMPILE_PREFIX_HEADER = YES;
				GCC_PREFIX_HEADER = dqxTailor/dqxTailor.pch;
				INFOPLIST_FILE = dqxTailor/Info.plist;
				IPHONEOS_DEPLOYMENT_TARGET = 8.0;
				LD_RUNPATH_SEARCH_PATHS = "$(inherited) @executable_path/Frameworks";
				LIBRARY_SEARCH_PATHS = (
					"$(inherited)",
					"$(PROJECT_DIR)",
				);
				PRODUCT_BUNDLE_IDENTIFIER = cn.mengyoutu.dqxTailor;
				PRODUCT_NAME = "$(TARGET_NAME)";
				PROVISIONING_PROFILE = "39505618-0206-49d5-8d13-dd1524d17ffd";
				PROVISIONING_PROFILE_SPECIFIER = dqxTailor;
				TARGETED_DEVICE_FAMILY = "1,2";
			};
			name = Release;
		};
/* End XCBuildConfiguration section */

/* Begin XCConfigurationList section */
		582521E01E1F875B000F5D51 /* Build configuration list for PBXProject "dqxTailor" */ = {
			isa = XCConfigurationList;
			buildConfigurations = (
				582521FA1E1F875B000F5D51 /* Debug */,
				582521FB1E1F875B000F5D51 /* Release */,
			);
			defaultConfigurationIsVisible = 0;
			defaultConfigurationName = Release;
		};
		582521FC1E1F875B000F5D51 /* Build configuration list for PBXNativeTarget "dqxTailor" */ = {
			isa = XCConfigurationList;
			buildConfigurations = (
				582521FD1E1F875B000F5D51 /* Debug */,
				582521FE1E1F875B000F5D51 /* Release */,
			);
			defaultConfigurationIsVisible = 0;
			defaultConfigurationName = Release;
		};
/* End XCConfigurationList section */
	};
	rootObject = 582521DD1E1F875B000F5D51 /* Project object */;
}
